
Microsoft Visual Studio Solution File, Format Version 12.00
# Visual Studio Version 16
VisualStudioVersion = 16.0.30711.63
MinimumVisualStudioVersion = 10.0.40219.1
Project("{FAE04EC0-301F-11D3-BF4B-00C04F79EFBC}") = "ContosoUniversity", "ContosoUniversity\ContosoUniversity.csproj", "{63335641-0453-4FA4-AB62-F5217417E7FE}"
EndProject
Global
	GlobalSection(SolutionConfigurationPlatforms) = preSolution
		Debug|Any CPU = Debug|Any CPU
		Release|Any CPU = Release|Any CPU
	EndGlobalSection
	GlobalSection(ProjectConfigurationPlatforms) = postSolution
		{63335641-0453-4FA4-AB62-F5217417E7FE}.Debug|Any CPU.ActiveCfg = Debug|Any CPU
		{63335641-0453-4FA4-AB62-F5217417E7FE}.Debug|Any CPU.Build.0 = Debug|Any CPU
		{63335641-0453-4FA4-AB62-F5217417E7FE}.Release|Any CPU.ActiveCfg = Release|Any CPU
		{63335641-0453-4FA4-AB62-F5217417E7FE}.Release|Any CPU.Build.0 = Release|Any CPU
	EndGlobalSection
	GlobalSection(SolutionProperties) = preSolution
		HideSolutionNode = FALSE
	EndGlobalSection
	GlobalSection(ExtensibilityGlobals) = postSolution
		SolutionGuid = {5B9A7D13-82A4-4118-9516-82A78A188FEB}
	EndGlobalSection
EndGlobal
